
Microsoft Visual Studio Solution File, Format Version 12.00
# Visual Studio Version 16
VisualStudioVersion = 16.0.31702.278
MinimumVisualStudioVersion = 10.0.40219.1
Project("{FAE04EC0-301F-11D3-BF4B-00C04F79EFBC}") = "MyNoteAppApi", "MyNoteAppApi\MyNoteAppApi.csproj", "{F070E6D0-B72F-43A5-A06A-3C94CAFC915D}"
EndProject
Global
	GlobalSection(SolutionConfigurationPlatforms) = preSolution
		Debug|Any CPU = Debug|Any CPU
		Release|Any CPU = Release|Any CPU
	EndGlobalSection
	GlobalSection(ProjectConfigurationPlatforms) = postSolution
		{F070E6D0-B72F-43A5-A06A-3C94CAFC915D}.Debug|Any CPU.ActiveCfg = Debug|Any CPU
		{F070E6D0-B72F-43A5-A06A-3C94CAFC915D}.Debug|Any CPU.Build.0 = Debug|Any CPU
		{F070E6D0-B72F-43A5-A06A-3C94CAFC915D}.Release|Any CPU.ActiveCfg = Release|Any CPU
		{F070E6D0-B72F-43A5-A06A-3C94CAFC915D}.Release|Any CPU.Build.0 = Release|Any CPU
	EndGlobalSection
	GlobalSection(SolutionProperties) = preSolution
		HideSolutionNode = FALSE
	EndGlobalSection
	GlobalSection(ExtensibilityGlobals) = postSolution
		SolutionGuid = {0F0F36C5-F612-4326-99A9-93C63204AB02}
	EndGlobalSection
EndGlobal
